
Microsoft Visual Studio Solution File, Format Version 12.00
# Visual Studio Version 16
VisualStudioVersion = 16.0.29613.14
MinimumVisualStudioVersion = 10.0.40219.1
Project("{FAE04EC0-301F-11D3-BF4B-00C04F79EFBC}") = "SmartBundleTags", "SmartBundleTags.csproj", "{8F4AB0F8-841E-4FFE-B9B8-E6040BCC313E}"
EndProject
Global
	GlobalSection(SolutionConfigurationPlatforms) = preSolution
		Debug|Any CPU = Debug|Any CPU
		Release|Any CPU = Release|Any CPU
	EndGlobalSection
	GlobalSection(ProjectConfigurationPlatforms) = postSolution
		{8F4AB0F8-841E-4FFE-B9B8-E6040BCC313E}.Debug|Any CPU.ActiveCfg = Debug|Any CPU
		{8F4AB0F8-841E-4FFE-B9B8-E6040BCC313E}.Debug|Any CPU.Build.0 = Debug|Any CPU
		{8F4AB0F8-841E-4FFE-B9B8-E6040BCC313E}.Release|Any CPU.ActiveCfg = Release|Any CPU
		{8F4AB0F8-841E-4FFE-B9B8-E6040BCC313E}.Release|Any CPU.Build.0 = Release|Any CPU
	EndGlobalSection
	GlobalSection(SolutionProperties) = preSolution
		HideSolutionNode = FALSE
	EndGlobalSection
	GlobalSection(ExtensibilityGlobals) = postSolution
		SolutionGuid = {B17D7D18-8F93-4A3A-9646-3E5D2FECF807}
	EndGlobalSection
EndGlobal
